
Microsoft Visual Studio Solution File, Format Version 12.00
# Visual Studio Version 16
VisualStudioVersion = 16.0.29306.81
MinimumVisualStudioVersion = 10.0.40219.1
Project("{FAE04EC0-301F-11D3-BF4B-00C04F79EFBC}") = "ArrayListKolekcija", "ArrayListKolekcija\ArrayListKolekcija.csproj", "{53F40625-DF9E-4DB6-A8A9-9749BB040323}"
EndProject
Global
	GlobalSection(SolutionConfigurationPlatforms) = preSolution
		Debug|Any CPU = Debug|Any CPU
		Release|Any CPU = Release|Any CPU
	EndGlobalSection
	GlobalSection(ProjectConfigurationPlatforms) = postSolution
		{53F40625-DF9E-4DB6-A8A9-9749BB040323}.Debug|Any CPU.ActiveCfg = Debug|Any CPU
		{53F40625-DF9E-4DB6-A8A9-9749BB040323}.Debug|Any CPU.Build.0 = Debug|Any CPU
		{53F40625-DF9E-4DB6-A8A9-9749BB040323}.Release|Any CPU.ActiveCfg = Release|Any CPU
		{53F40625-DF9E-4DB6-A8A9-9749BB040323}.Release|Any CPU.Build.0 = Release|Any CPU
	EndGlobalSection
	GlobalSection(SolutionProperties) = preSolution
		HideSolutionNode = FALSE
	EndGlobalSection
	GlobalSection(ExtensibilityGlobals) = postSolution
		SolutionGuid = {A6EA2E70-2AD9-4FF7-B5E8-2FECE3900E05}
	EndGlobalSection
EndGlobal
